
Microsoft Visual Studio Solution File, Format Version 12.00
# Visual Studio Version 17
VisualStudioVersion = 17.8.34511.84
MinimumVisualStudioVersion = 10.0.40219.1
Project("{9A19103F-16F7-4668-BE54-9A1E7A4F7556}") = "FromCountries", "FromCountries.csproj", "{EFF33930-53C5-44A4-9928-B897C76AC640}"
EndProject
Project("{FAE04EC0-301F-11D3-BF4B-00C04F79EFBC}") = "CountryApi.Core", "..\CountryApi.Core\CountryApi.Core.csproj", "{600142E4-BC60-43EE-8174-D94FB00DF738}"
EndProject
Project("{FAE04EC0-301F-11D3-BF4B-00C04F79EFBC}") = "CountryApi.Services", "..\CountryApi.Services\CountryApi.Services.csproj", "{80D7DF8D-4853-4A94-B389-693187A883D7}"
EndProject
Project("{FAE04EC0-301F-11D3-BF4B-00C04F79EFBC}") = "CountryApi.Data", "..\CountryApi.Data\CountryApi.Data.csproj", "{62FFE8C3-69E7-4B26-A22A-EF9C6B4C33BF}"
EndProject
Global
	GlobalSection(SolutionConfigurationPlatforms) = preSolution
		Debug|Any CPU = Debug|Any CPU
		Release|Any CPU = Release|Any CPU
	EndGlobalSection
	GlobalSection(ProjectConfigurationPlatforms) = postSolution
		{EFF33930-53C5-44A4-9928-B897C76AC640}.Debug|Any CPU.ActiveCfg = Debug|Any CPU
		{EFF33930-53C5-44A4-9928-B897C76AC640}.Debug|Any CPU.Build.0 = Debug|Any CPU
		{EFF33930-53C5-44A4-9928-B897C76AC640}.Release|Any CPU.ActiveCfg = Release|Any CPU
		{EFF33930-53C5-44A4-9928-B897C76AC640}.Release|Any CPU.Build.0 = Release|Any CPU
		{600142E4-BC60-43EE-8174-D94FB00DF738}.Debug|Any CPU.ActiveCfg = Debug|Any CPU
		{600142E4-BC60-43EE-8174-D94FB00DF738}.Debug|Any CPU.Build.0 = Debug|Any CPU
		{600142E4-BC60-43EE-8174-D94FB00DF738}.Release|Any CPU.ActiveCfg = Release|Any CPU
		{600142E4-BC60-43EE-8174-D94FB00DF738}.Release|Any CPU.Build.0 = Release|Any CPU
		{80D7DF8D-4853-4A94-B389-693187A883D7}.Debug|Any CPU.ActiveCfg = Debug|Any CPU
		{80D7DF8D-4853-4A94-B389-693187A883D7}.Debug|Any CPU.Build.0 = Debug|Any CPU
		{80D7DF8D-4853-4A94-B389-693187A883D7}.Release|Any CPU.ActiveCfg = Release|Any CPU
		{80D7DF8D-4853-4A94-B389-693187A883D7}.Release|Any CPU.Build.0 = Release|Any CPU
		{62FFE8C3-69E7-4B26-A22A-EF9C6B4C33BF}.Debug|Any CPU.ActiveCfg = Debug|Any CPU
		{62FFE8C3-69E7-4B26-A22A-EF9C6B4C33BF}.Debug|Any CPU.Build.0 = Debug|Any CPU
		{62FFE8C3-69E7-4B26-A22A-EF9C6B4C33BF}.Release|Any CPU.ActiveCfg = Release|Any CPU
		{62FFE8C3-69E7-4B26-A22A-EF9C6B4C33BF}.Release|Any CPU.Build.0 = Release|Any CPU
	EndGlobalSection
	GlobalSection(SolutionProperties) = preSolution
		HideSolutionNode = FALSE
	EndGlobalSection
	GlobalSection(ExtensibilityGlobals) = postSolution
		SolutionGuid = {05B72C2A-213B-41D7-A87F-3C0DF89572CC}
	EndGlobalSection
EndGlobal
