
Microsoft Visual Studio Solution File, Format Version 12.00
# Visual Studio Version 17
VisualStudioVersion = 17.5.33530.505
MinimumVisualStudioVersion = 10.0.40219.1
Project("{9A19103F-16F7-4668-BE54-9A1E7A4F7556}") = "FromRestCountries", "FromRestCountries.csproj", "{FA97957B-D2E0-4665-8DC6-81473E9B93A9}"
EndProject
Global
	GlobalSection(SolutionConfigurationPlatforms) = preSolution
		Debug|Any CPU = Debug|Any CPU
		Release|Any CPU = Release|Any CPU
	EndGlobalSection
	GlobalSection(ProjectConfigurationPlatforms) = postSolution
		{FA97957B-D2E0-4665-8DC6-81473E9B93A9}.Debug|Any CPU.ActiveCfg = Debug|Any CPU
		{FA97957B-D2E0-4665-8DC6-81473E9B93A9}.Debug|Any CPU.Build.0 = Debug|Any CPU
		{FA97957B-D2E0-4665-8DC6-81473E9B93A9}.Release|Any CPU.ActiveCfg = Release|Any CPU
		{FA97957B-D2E0-4665-8DC6-81473E9B93A9}.Release|Any CPU.Build.0 = Release|Any CPU
	EndGlobalSection
	GlobalSection(SolutionProperties) = preSolution
		HideSolutionNode = FALSE
	EndGlobalSection
	GlobalSection(ExtensibilityGlobals) = postSolution
		SolutionGuid = {6F5F7847-F509-4604-AAD2-F6D4088F9999}
	EndGlobalSection
EndGlobal
